
Microsoft Visual Studio Solution File, Format Version 12.00
# Visual Studio Version 16
VisualStudioVersion = 16.0.29519.87
MinimumVisualStudioVersion = 10.0.40219.1
Project("{8BC9CEB8-8B4A-11D0-8D11-00A0C91BC942}") = "p154 Iterator Adaptor for Generic Data Structure", "p154 Iterator Adaptor for Generic Data Structure\p154 Iterator Adaptor for Generic Data Structure.vcxproj", "{F022693E-F05A-4989-97F7-209755D54BF2}"
EndProject
Project("{8BC9CEB8-8B4A-11D0-8D11-00A0C91BC942}") = "p159 Iterator Algorithm Implementation", "p159 Iterator Algorithm Implementation\p159 Iterator Algorithm Implementation.vcxproj", "{13CFE527-730D-4A36-ADF3-B5FE12CF5BAD}"
EndProject
Project("{8BC9CEB8-8B4A-11D0-8D11-00A0C91BC942}") = "p147 Custom Iterator", "p147 Custom Iterator\p147 Custom Iterator.vcxproj", "{EF4EF81D-919C-4512-91C2-AE441E89AD5F}"
EndProject
Project("{8BC9CEB8-8B4A-11D0-8D11-00A0C91BC942}") = "p168 Iterator Sentinel", "p168 Iterator Sentinel\p168 Iterator Sentinel.vcxproj", "{05509A42-09E4-40A3-ACA7-873766D82CFF}"
EndProject
Project("{8BC9CEB8-8B4A-11D0-8D11-00A0C91BC942}") = "p165 Reverse Iterator Adapter.vcxproj", "p165 Reverse Iterator Adapter\p165 Reverse Iterator Adapter.vcxproj.vcxproj", "{E57F5CF1-D19D-4064-B87D-8B767DE8A4AB}"
EndProject
Project("{8BC9CEB8-8B4A-11D0-8D11-00A0C91BC942}") = "p178 Zip Iterator", "p178 Zip Iterator\p178 Zip Iterator.vcxproj", "{F6FAB127-A1E4-45ED-92F9-AE8F937C591E}"
EndProject
Project("{8BC9CEB8-8B4A-11D0-8D11-00A0C91BC942}") = "p199 Lambda Polymorphism", "p199 Lambda Polymorphism\p199 Lambda Polymorphism.vcxproj", "{A7020781-1AAB-49A8-A377-46866E9D27CF}"
EndProject
Project("{8BC9CEB8-8B4A-11D0-8D11-00A0C91BC942}") = "p204 Function Concatenation", "p204 Function Concatenation\p204 Function Concatenation.vcxproj", "{1212F7C4-1D08-4D39-B269-4F72E30E54D6}"
EndProject
Project("{8BC9CEB8-8B4A-11D0-8D11-00A0C91BC942}") = "p209 predicate with logical combination", "p209 predicate with logical combination\p209 predicate with logical combination.vcxproj", "{5650AD83-CC0F-4B03-974A-A9F64AF971A3}"
EndProject
Global
	GlobalSection(SolutionConfigurationPlatforms) = preSolution
		Debug|x64 = Debug|x64
		Debug|x86 = Debug|x86
		Release|x64 = Release|x64
		Release|x86 = Release|x86
	EndGlobalSection
	GlobalSection(ProjectConfigurationPlatforms) = postSolution
		{F022693E-F05A-4989-97F7-209755D54BF2}.Debug|x64.ActiveCfg = Debug|x64
		{F022693E-F05A-4989-97F7-209755D54BF2}.Debug|x64.Build.0 = Debug|x64
		{F022693E-F05A-4989-97F7-209755D54BF2}.Debug|x86.ActiveCfg = Debug|Win32
		{F022693E-F05A-4989-97F7-209755D54BF2}.Debug|x86.Build.0 = Debug|Win32
		{F022693E-F05A-4989-97F7-209755D54BF2}.Release|x64.ActiveCfg = Release|x64
		{F022693E-F05A-4989-97F7-209755D54BF2}.Release|x64.Build.0 = Release|x64
		{F022693E-F05A-4989-97F7-209755D54BF2}.Release|x86.ActiveCfg = Release|Win32
		{F022693E-F05A-4989-97F7-209755D54BF2}.Release|x86.Build.0 = Release|Win32
		{13CFE527-730D-4A36-ADF3-B5FE12CF5BAD}.Debug|x64.ActiveCfg = Debug|x64
		{13CFE527-730D-4A36-ADF3-B5FE12CF5BAD}.Debug|x64.Build.0 = Debug|x64
		{13CFE527-730D-4A36-ADF3-B5FE12CF5BAD}.Debug|x86.ActiveCfg = Debug|Win32
		{13CFE527-730D-4A36-ADF3-B5FE12CF5BAD}.Debug|x86.Build.0 = Debug|Win32
		{13CFE527-730D-4A36-ADF3-B5FE12CF5BAD}.Release|x64.ActiveCfg = Release|x64
		{13CFE527-730D-4A36-ADF3-B5FE12CF5BAD}.Release|x64.Build.0 = Release|x64
		{13CFE527-730D-4A36-ADF3-B5FE12CF5BAD}.Release|x86.ActiveCfg = Release|Win32
		{13CFE527-730D-4A36-ADF3-B5FE12CF5BAD}.Release|x86.Build.0 = Release|Win32
		{EF4EF81D-919C-4512-91C2-AE441E89AD5F}.Debug|x64.ActiveCfg = Debug|x64
		{EF4EF81D-919C-4512-91C2-AE441E89AD5F}.Debug|x64.Build.0 = Debug|x64
		{EF4EF81D-919C-4512-91C2-AE441E89AD5F}.Debug|x86.ActiveCfg = Debug|Win32
		{EF4EF81D-919C-4512-91C2-AE441E89AD5F}.Debug|x86.Build.0 = Debug|Win32
		{EF4EF81D-919C-4512-91C2-AE441E89AD5F}.Release|x64.ActiveCfg = Release|x64
		{EF4EF81D-919C-4512-91C2-AE441E89AD5F}.Release|x64.Build.0 = Release|x64
		{EF4EF81D-919C-4512-91C2-AE441E89AD5F}.Release|x86.ActiveCfg = Release|Win32
		{EF4EF81D-919C-4512-91C2-AE441E89AD5F}.Release|x86.Build.0 = Release|Win32
		{05509A42-09E4-40A3-ACA7-873766D82CFF}.Debug|x64.ActiveCfg = Debug|x64
		{05509A42-09E4-40A3-ACA7-873766D82CFF}.Debug|x64.Build.0 = Debug|x64
		{05509A42-09E4-40A3-ACA7-873766D82CFF}.Debug|x86.ActiveCfg = Debug|Win32
		{05509A42-09E4-40A3-ACA7-873766D82CFF}.Debug|x86.Build.0 = Debug|Win32
		{05509A42-09E4-40A3-ACA7-873766D82CFF}.Release|x64.ActiveCfg = Release|x64
		{05509A42-09E4-40A3-ACA7-873766D82CFF}.Release|x64.Build.0 = Release|x64
		{05509A42-09E4-40A3-ACA7-873766D82CFF}.Release|x86.ActiveCfg = Release|Win32
		{05509A42-09E4-40A3-ACA7-873766D82CFF}.Release|x86.Build.0 = Release|Win32
		{E57F5CF1-D19D-4064-B87D-8B767DE8A4AB}.Debug|x64.ActiveCfg = Debug|x64
		{E57F5CF1-D19D-4064-B87D-8B767DE8A4AB}.Debug|x64.Build.0 = Debug|x64
		{E57F5CF1-D19D-4064-B87D-8B767DE8A4AB}.Debug|x86.ActiveCfg = Debug|Win32
		{E57F5CF1-D19D-4064-B87D-8B767DE8A4AB}.Debug|x86.Build.0 = Debug|Win32
		{E57F5CF1-D19D-4064-B87D-8B767DE8A4AB}.Release|x64.ActiveCfg = Release|x64
		{E57F5CF1-D19D-4064-B87D-8B767DE8A4AB}.Release|x64.Build.0 = Release|x64
		{E57F5CF1-D19D-4064-B87D-8B767DE8A4AB}.Release|x86.ActiveCfg = Release|Win32
		{E57F5CF1-D19D-4064-B87D-8B767DE8A4AB}.Release|x86.Build.0 = Release|Win32
		{F6FAB127-A1E4-45ED-92F9-AE8F937C591E}.Debug|x64.ActiveCfg = Debug|x64
		{F6FAB127-A1E4-45ED-92F9-AE8F937C591E}.Debug|x64.Build.0 = Debug|x64
		{F6FAB127-A1E4-45ED-92F9-AE8F937C591E}.Debug|x86.ActiveCfg = Debug|Win32
		{F6FAB127-A1E4-45ED-92F9-AE8F937C591E}.Debug|x86.Build.0 = Debug|Win32
		{F6FAB127-A1E4-45ED-92F9-AE8F937C591E}.Release|x64.ActiveCfg = Release|x64
		{F6FAB127-A1E4-45ED-92F9-AE8F937C591E}.Release|x64.Build.0 = Release|x64
		{F6FAB127-A1E4-45ED-92F9-AE8F937C591E}.Release|x86.ActiveCfg = Release|Win32
		{F6FAB127-A1E4-45ED-92F9-AE8F937C591E}.Release|x86.Build.0 = Release|Win32
		{A7020781-1AAB-49A8-A377-46866E9D27CF}.Debug|x64.ActiveCfg = Debug|x64
		{A7020781-1AAB-49A8-A377-46866E9D27CF}.Debug|x64.Build.0 = Debug|x64
		{A7020781-1AAB-49A8-A377-46866E9D27CF}.Debug|x86.ActiveCfg = Debug|Win32
		{A7020781-1AAB-49A8-A377-46866E9D27CF}.Debug|x86.Build.0 = Debug|Win32
		{A7020781-1AAB-49A8-A377-46866E9D27CF}.Release|x64.ActiveCfg = Release|x64
		{A7020781-1AAB-49A8-A377-46866E9D27CF}.Release|x64.Build.0 = Release|x64
		{A7020781-1AAB-49A8-A377-46866E9D27CF}.Release|x86.ActiveCfg = Release|Win32
		{A7020781-1AAB-49A8-A377-46866E9D27CF}.Release|x86.Build.0 = Release|Win32
		{1212F7C4-1D08-4D39-B269-4F72E30E54D6}.Debug|x64.ActiveCfg = Debug|x64
		{1212F7C4-1D08-4D39-B269-4F72E30E54D6}.Debug|x64.Build.0 = Debug|x64
		{1212F7C4-1D08-4D39-B269-4F72E30E54D6}.Debug|x86.ActiveCfg = Debug|Win32
		{1212F7C4-1D08-4D39-B269-4F72E30E54D6}.Debug|x86.Build.0 = Debug|Win32
		{1212F7C4-1D08-4D39-B269-4F72E30E54D6}.Release|x64.ActiveCfg = Release|x64
		{1212F7C4-1D08-4D39-B269-4F72E30E54D6}.Release|x64.Build.0 = Release|x64
		{1212F7C4-1D08-4D39-B269-4F72E30E54D6}.Release|x86.ActiveCfg = Release|Win32
		{1212F7C4-1D08-4D39-B269-4F72E30E54D6}.Release|x86.Build.0 = Release|Win32
		{5650AD83-CC0F-4B03-974A-A9F64AF971A3}.Debug|x64.ActiveCfg = Debug|x64
		{5650AD83-CC0F-4B03-974A-A9F64AF971A3}.Debug|x64.Build.0 = Debug|x64
		{5650AD83-CC0F-4B03-974A-A9F64AF971A3}.Debug|x86.ActiveCfg = Debug|Win32
		{5650AD83-CC0F-4B03-974A-A9F64AF971A3}.Debug|x86.Build.0 = Debug|Win32
		{5650AD83-CC0F-4B03-974A-A9F64AF971A3}.Release|x64.ActiveCfg = Release|x64
		{5650AD83-CC0F-4B03-974A-A9F64AF971A3}.Release|x64.Build.0 = Release|x64
		{5650AD83-CC0F-4B03-974A-A9F64AF971A3}.Release|x86.ActiveCfg = Release|Win32
		{5650AD83-CC0F-4B03-974A-A9F64AF971A3}.Release|x86.Build.0 = Release|Win32
	EndGlobalSection
	GlobalSection(SolutionProperties) = preSolution
		HideSolutionNode = FALSE
	EndGlobalSection
	GlobalSection(ExtensibilityGlobals) = postSolution
		SolutionGuid = {5768892A-A5ED-495F-8559-D0CA34C27E54}
	EndGlobalSection
EndGlobal
